
Microsoft Visual Studio Solution File, Format Version 12.00
Project("{FAE04EC0-301F-11D3-BF4B-00C04F79EFBC}") = "SNSRestApi", "SNSRestApi\SNSRestApi.csproj", "{5BBF723B-7499-47D4-ADB9-DE4C8A119464}"
EndProject
Global
	GlobalSection(SolutionConfigurationPlatforms) = preSolution
		Debug|Any CPU = Debug|Any CPU
		Release|Any CPU = Release|Any CPU
	EndGlobalSection
	GlobalSection(ProjectConfigurationPlatforms) = postSolution
		{5BBF723B-7499-47D4-ADB9-DE4C8A119464}.Debug|Any CPU.ActiveCfg = Debug|Any CPU
		{5BBF723B-7499-47D4-ADB9-DE4C8A119464}.Debug|Any CPU.Build.0 = Debug|Any CPU
		{5BBF723B-7499-47D4-ADB9-DE4C8A119464}.Release|Any CPU.ActiveCfg = Release|Any CPU
		{5BBF723B-7499-47D4-ADB9-DE4C8A119464}.Release|Any CPU.Build.0 = Release|Any CPU
		{5BBF723B-7499-47D4-ADB9-DE4C8A119464}.Debug|Any CPU.Deploy.0 = Debug|Any CPU
	EndGlobalSection
EndGlobal
